<?xml version="1.0" encoding="utf-8"?>
<Project ToolsVersion="4.0" xmlns="http://schemas.microsoft.com/developer/msbuild/2003">
  <ItemGroup>
    <Filter Include="资源文件">
      <UniqueIdentifier>{67DA6AB6-F800-4c08-8B7A-83BB121AAD01}</UniqueIdentifier>
      <Extensions>rc;ico;cur;bmp;dlg;rc2;rct;bin;rgs;gif;jpg;jpeg;jpe;resx;tiff;tif;png;wav;mfcribbon-ms</Extensions>
    </Filter>
    <Filter Include="src">
      <UniqueIdentifier>{93995380-89BD-4b04-88EB-625FBE52EBFB}</UniqueIdentifier>
      <Extensions>h;hh;hpp;hxx;hm;inl;inc;ipp;xsd</Extensions>
    </Filter>
    <Filter Include="src\Base">
      <UniqueIdentifier>{81f87f70-17c1-45c8-afbb-642f796a01be}</UniqueIdentifier>
    </Filter>
    <Filter Include="src\Windows">
      <UniqueIdentifier>{ab163dba-469c-4c70-bf59-a90af7d48e0d}</UniqueIdentifier>
    </Filter>
    <Filter Include="src\Windows\COM">
      <UniqueIdentifier>{74bea4bd-6b43-41a5-b1ef-4f81531383e6}</UniqueIdentifier>
    </Filter>
    <Filter Include="src\Windows\Debug">
      <UniqueIdentifier>{b22cc24a-a172-4089-b58a-f7d04c80b017}</UniqueIdentifier>
    </Filter>
    <Filter Include="src\Windows\Win32">
      <UniqueIdentifier>{4f921fb0-957d-4318-9f97-e10e44cedb42}</UniqueIdentifier>
    </Filter>
    <Filter Include="src\Windows\Win32\Process">
      <UniqueIdentifier>{7059bc64-161b-457b-9528-ab8b939772dc}</UniqueIdentifier>
    </Filter>
    <Filter Include="src\Windows\Win32\Base">
      <UniqueIdentifier>{26717dc0-043f-49d3-97d8-551df44df545}</UniqueIdentifier>
    </Filter>
    <Filter Include="test">
      <UniqueIdentifier>{85ded42e-b20a-4b01-888b-318a3aee1e0d}</UniqueIdentifier>
    </Filter>
    <Filter Include="src\Windows\Win32\Print">
      <UniqueIdentifier>{2410eb17-3191-4494-85a6-1e34f1fb5f9f}</UniqueIdentifier>
    </Filter>
    <Filter Include="src\Windows\Win32\GUI">
      <UniqueIdentifier>{ee255089-b863-476b-b273-99bbc0fc6e90}</UniqueIdentifier>
    </Filter>
    <Filter Include="src\Windows\Win32\GUI\Paint">
      <UniqueIdentifier>{ee6b1348-cd14-4d89-a4b1-11dcd12a3b1e}</UniqueIdentifier>
    </Filter>
    <Filter Include="src\Windows\Win32\GUI\Resource">
      <UniqueIdentifier>{3c554ec2-3878-437d-b1bc-9396bddfd43b}</UniqueIdentifier>
    </Filter>
    <Filter Include="src\Windows\Win32\GUI\Font">
      <UniqueIdentifier>{e5ba7b8f-e487-4d6c-aa07-7fd191a3cf57}</UniqueIdentifier>
    </Filter>
    <Filter Include="src\Windows\Win32\System">
      <UniqueIdentifier>{710ae8bc-345e-4562-8e69-3075f881668f}</UniqueIdentifier>
    </Filter>
    <Filter Include="src\Windows\Win32\File">
      <UniqueIdentifier>{c33a8bfe-a8fb-4d4e-bd1f-9a66d9e0b9a1}</UniqueIdentifier>
    </Filter>
    <Filter Include="src\Windows\Win32\File\PE">
      <UniqueIdentifier>{bc662149-69d6-433b-b54a-e8871ff315de}</UniqueIdentifier>
    </Filter>
    <Filter Include="src\Windows\Win32\Network">
      <UniqueIdentifier>{4569da91-af0b-4b88-8823-165d83ee8ac2}</UniqueIdentifier>
    </Filter>
    <Filter Include="src\Windows\Win32\Process\Communicate">
      <UniqueIdentifier>{b5fa9add-5f10-4d78-8d6b-cb262dc9f739}</UniqueIdentifier>
    </Filter>
    <Filter Include="src\Windows\Win32\HardWare">
      <UniqueIdentifier>{c89c392c-e081-459e-b2f4-e067b895e9e4}</UniqueIdentifier>
    </Filter>
    <Filter Include="src\Windows\Win32\Device">
      <UniqueIdentifier>{c9b9f095-f530-4376-a584-58545437f813}</UniqueIdentifier>
    </Filter>
    <Filter Include="src\Windows\Win32\Service">
      <UniqueIdentifier>{6babc9ee-a0c9-4d26-b826-8a25c775b4cd}</UniqueIdentifier>
    </Filter>
  </ItemGroup>
  <ItemGroup>
    <ClInclude Include="BaseUtil.h">
      <Filter>src\Base</Filter>
    </ClInclude>
    <ClInclude Include="StrUtil.h">
      <Filter>src\Base</Filter>
    </ClInclude>
    <ClInclude Include="Vec.h">
      <Filter>src\Base</Filter>
    </ClInclude>
    <ClInclude Include="ParseCommondLine.h">
      <Filter>src\Base</Filter>
    </ClInclude>
    <ClInclude Include="json.hpp">
      <Filter>src\Base</Filter>
    </ClInclude>
    <ClInclude Include="COMHelper.h">
      <Filter>src\Windows\COM</Filter>
    </ClInclude>
    <ClInclude Include="WMIHelper.h">
      <Filter>src\Windows\COM</Filter>
    </ClInclude>
    <ClInclude Include="PrinterUtil.h">
      <Filter>src\Windows\Win32\Print</Filter>
    </ClInclude>
    <ClInclude Include="CRTdbgHeader.h">
      <Filter>src\Windows\Debug</Filter>
    </ClInclude>
    <ClInclude Include="StackWalker.h">
      <Filter>src\Windows\Debug</Filter>
    </ClInclude>
    <ClInclude Include="IPC.h">
      <Filter>src\Windows\Win32\Process\Communicate</Filter>
    </ClInclude>
    <ClInclude Include="WinDynCalls.h">
      <Filter>src\Windows\Win32\File\PE</Filter>
    </ClInclude>
    <ClInclude Include="log.h">
      <Filter>src\Windows\Debug</Filter>
    </ClInclude>
    <ClInclude Include="ThreadHelper.h">
      <Filter>src\Windows\Win32\Process</Filter>
    </ClInclude>
    <ClInclude Include="ProcessHelper.h">
      <Filter>src\Windows\Win32\Process</Filter>
    </ClInclude>
    <ClInclude Include="HandleHelper.h">
      <Filter>src\Windows\Win32\Base</Filter>
    </ClInclude>
    <ClInclude Include="WinService.h">
      <Filter>src\Windows\Win32\Service</Filter>
    </ClInclude>
    <ClInclude Include="Reflection.h">
      <Filter>src\Base</Filter>
    </ClInclude>
    <ClInclude Include="paint.h">
      <Filter>src\Windows\Win32\GUI\Paint</Filter>
    </ClInclude>
    <ClInclude Include="PEhelper.h">
      <Filter>src\Windows\Win32\File\PE</Filter>
    </ClInclude>
    <ClInclude Include="WindowHelper.h">
      <Filter>src\Windows\Win32\Base</Filter>
    </ClInclude>
    <ClInclude Include="zzjErrorEnum.h">
      <Filter>src\Base</Filter>
    </ClInclude>
    <ClInclude Include="ResourceHelper.h">
      <Filter>src\Windows\Win32\GUI\Resource</Filter>
    </ClInclude>
    <ClInclude Include="FontHelper.h">
      <Filter>src\Windows\Win32\GUI\Font</Filter>
    </ClInclude>
    <ClInclude Include="Semaphore.h">
      <Filter>src\Windows\Win32\Process</Filter>
    </ClInclude>
    <ClInclude Include="SystemHelper.h">
      <Filter>src\Windows\Win32\System</Filter>
    </ClInclude>
    <ClInclude Include="FileHelper.h">
      <Filter>src\Windows\Win32\File</Filter>
    </ClInclude>
    <ClInclude Include="call_json.h">
      <Filter>src\Base</Filter>
    </ClInclude>
    <ClInclude Include="NetworkAdapter.h">
      <Filter>src\Windows\Win32\Network</Filter>
    </ClInclude>
    <ClInclude Include="HardWare.h">
      <Filter>src\Windows\Win32\HardWare</Filter>
    </ClInclude>
    <ClInclude Include="File.h">
      <Filter>src\Windows\Win32\File</Filter>
    </ClInclude>
    <ClInclude Include="Device\interception.h">
      <Filter>src\Windows\Win32\Device</Filter>
    </ClInclude>
    <ClInclude Include="Device\DeviceHelper.h">
      <Filter>src\Windows\Win32\Device</Filter>
    </ClInclude>
  </ItemGroup>
  <ItemGroup>
    <ClCompile Include="COMHelper.cpp">
      <Filter>src\Windows\COM</Filter>
    </ClCompile>
    <ClCompile Include="BaseUtil.cpp">
      <Filter>src\Base</Filter>
    </ClCompile>
    <ClCompile Include="ParseCommondLine.cpp">
      <Filter>src\Base</Filter>
    </ClCompile>
    <ClCompile Include="StrUtil.cpp">
      <Filter>src\Base</Filter>
    </ClCompile>
    <ClCompile Include="WMIHelper.cpp">
      <Filter>src\Windows\COM</Filter>
    </ClCompile>
    <ClCompile Include="PrinterUtil.cpp">
      <Filter>src\Windows\Win32\Print</Filter>
    </ClCompile>
    <ClCompile Include="StackWalker.cpp">
      <Filter>src\Windows\Debug</Filter>
    </ClCompile>
    <ClCompile Include="IPC.cpp">
      <Filter>src\Windows\Win32\Process\Communicate</Filter>
    </ClCompile>
    <ClCompile Include="WinDynCalls.cpp">
      <Filter>src\Windows\Win32\File\PE</Filter>
    </ClCompile>
    <ClCompile Include="log.cpp">
      <Filter>src\Windows\Debug</Filter>
    </ClCompile>
    <ClCompile Include="ThreadHelper.cpp">
      <Filter>src\Windows\Win32\Process</Filter>
    </ClCompile>
    <ClCompile Include="ProcessHelper.cpp">
      <Filter>src\Windows\Win32\Process</Filter>
    </ClCompile>
    <ClCompile Include="HandleHelper.cpp">
      <Filter>src\Windows\Win32\Base</Filter>
    </ClCompile>
    <ClCompile Include="WinService.cpp">
      <Filter>src\Windows\Win32\Service</Filter>
    </ClCompile>
    <ClCompile Include="Reflection.cpp">
      <Filter>src\Base</Filter>
    </ClCompile>
    <ClCompile Include="service_test.cpp">
      <Filter>test</Filter>
    </ClCompile>
    <ClCompile Include="reflect_test.cpp">
      <Filter>test</Filter>
    </ClCompile>
    <ClCompile Include="paint.cpp">
      <Filter>src\Windows\Win32\GUI\Paint</Filter>
    </ClCompile>
    <ClCompile Include="PEhelper.cpp">
      <Filter>src\Windows\Win32\File\PE</Filter>
    </ClCompile>
    <ClCompile Include="WindowHelper.cpp">
      <Filter>src\Windows\Win32\Base</Filter>
    </ClCompile>
    <ClCompile Include="ResourceHelper.cpp">
      <Filter>src\Windows\Win32\GUI\Resource</Filter>
    </ClCompile>
    <ClCompile Include="FontHelper.cpp">
      <Filter>src\Windows\Win32\GUI\Font</Filter>
    </ClCompile>
    <ClCompile Include="SystemHelper.cpp">
      <Filter>src\Windows\Win32\System</Filter>
    </ClCompile>
    <ClCompile Include="FileHelper.cpp">
      <Filter>src\Windows\Win32\File</Filter>
    </ClCompile>
    <ClCompile Include="call_json.cpp">
      <Filter>src\Base</Filter>
    </ClCompile>
    <ClCompile Include="NetworkAdapter.cpp">
      <Filter>src\Windows\Win32\Network</Filter>
    </ClCompile>
    <ClCompile Include="HardWare.cpp">
      <Filter>src\Windows\Win32\HardWare</Filter>
    </ClCompile>
    <ClCompile Include="File.cpp">
      <Filter>src\Windows\Win32\File</Filter>
    </ClCompile>
    <ClCompile Include="Device\interception.c">
      <Filter>src\Windows\Win32\Device</Filter>
    </ClCompile>
    <ClCompile Include="Device\DeviceHelper.cpp">
      <Filter>src\Windows\Win32\Device</Filter>
    </ClCompile>
  </ItemGroup>
</Project>